// !$*UTF8*$!
{
	archiveVersion = 1;
	classes = {
	};
	objectVersion = 50;
	objects = {

/* Begin PBXBuildFile section */
		1B4E3D402198E7DE00C6CEFC /* AppDelegate.swift in Sources */ = {isa = PBXBuildFile; fileRef = 1B4E3D3F2198E7DE00C6CEFC /* AppDelegate.swift */; };
		1B4E3D452198E7DE00C6CEFC /* Main.storyboard in Resources */ = {isa = PBXBuildFile; fileRef = 1B4E3D432198E7DE00C6CEFC /* Main.storyboard */; };
		1B4E3D472198E7E100C6CEFC /* Assets.xcassets in Resources */ = {isa = PBXBuildFile; fileRef = 1B4E3D462198E7E100C6CEFC /* Assets.xcassets */; };
		1B4E3D4A2198E7E100C6CEFC /* LaunchScreen.storyboard in Resources */ = {isa = PBXBuildFile; fileRef = 1B4E3D482198E7E100C6CEFC /* LaunchScreen.storyboard */; };
		1B4E3D722198F59F00C6CEFC /* Constants.swift in Sources */ = {isa = PBXBuildFile; fileRef = 1B4E3D712198F59F00C6CEFC /* Constants.swift */; };
		1BCBEBDD219A5C1200430EE7 /* Client.swift in Sources */ = {isa = PBXBuildFile; fileRef = 1BCBEBDC219A5C1200430EE7 /* Client.swift */; };
		1BCBEBDF219A5C9000430EE7 /* Movie.swift in Sources */ = {isa = PBXBuildFile; fileRef = 1BCBEBDE219A5C9000430EE7 /* Movie.swift */; };
		1BCBEBE1219A6DF900430EE7 /* NowPlayingCollectionViewController.swift in Sources */ = {isa = PBXBuildFile; fileRef = 1BCBEBE0219A6DF900430EE7 /* NowPlayingCollectionViewController.swift */; };
		1BCBEBE3219A704900430EE7 /* CustomCollectionViewCell.swift in Sources */ = {isa = PBXBuildFile; fileRef = 1BCBEBE2219A704900430EE7 /* CustomCollectionViewCell.swift */; };
		1BCBEBE5219A846700430EE7 /* DetailViewController.swift in Sources */ = {isa = PBXBuildFile; fileRef = 1BCBEBE4219A846700430EE7 /* DetailViewController.swift */; };
		DE74448A44C933FC02F9BB1A /* Pods_MovieDB.framework in Frameworks */ = {isa = PBXBuildFile; fileRef = 2DB53546C3F5322788670325 /* Pods_MovieDB.framework */; };
/* End PBXBuildFile section */

/* Begin PBXContainerItemProxy section */
		1B4E3D512198E7E100C6CEFC /* PBXContainerItemProxy */ = {
			isa = PBXContainerItemProxy;
			containerPortal = 1B4E3D342198E7DD00C6CEFC /* Project object */;
			proxyType = 1;
			remoteGlobalIDString = 1B4E3D3B2198E7DE00C6CEFC;
			remoteInfo = MovieDB;
		};
		1B4E3D5C2198E7E100C6CEFC /* PBXContainerItemProxy */ = {
			isa = PBXContainerItemProxy;
			containerPortal = 1B4E3D342198E7DD00C6CEFC /* Project object */;
			proxyType = 1;
			remoteGlobalIDString = 1B4E3D3B2198E7DE00C6CEFC;
			remoteInfo = MovieDB;
		};
/* End PBXContainerItemProxy section */

/* Begin PBXFileReference section */
		1B4E3D3C2198E7DE00C6CEFC /* MovieDB.app */ = {isa = PBXFileReference; explicitFileType = wrapper.application; includeInIndex = 0; name = MovieDB.app; path = "/Users/robertoriquelme/Documents/Developer/getaround/MovieDB/build/Debug-iphoneos/MovieDB.app"; sourceTree = "<absolute>"; };
		1B4E3D3F2198E7DE00C6CEFC /* AppDelegate.swift */ = {isa = PBXFileReference; lastKnownFileType = sourcecode.swift; path = AppDelegate.swift; sourceTree = "<group>"; };
		1B4E3D442198E7DE00C6CEFC /* Base */ = {isa = PBXFileReference; lastKnownFileType = file.storyboard; name = Base; path = Base.lproj/Main.storyboard; sourceTree = "<group>"; };
		1B4E3D462198E7E100C6CEFC /* Assets.xcassets */ = {isa = PBXFileReference; lastKnownFileType = folder.assetcatalog; path = Assets.xcassets; sourceTree = "<group>"; };
		1B4E3D492198E7E100C6CEFC /* Base */ = {isa = PBXFileReference; lastKnownFileType = file.storyboard; name = Base; path = Base.lproj/LaunchScreen.storyboard; sourceTree = "<group>"; };
		1B4E3D4B2198E7E100C6CEFC /* Info.plist */ = {isa = PBXFileReference; lastKnownFileType = text.plist.xml; path = Info.plist; sourceTree = "<group>"; };
		1B4E3D502198E7E100C6CEFC /* MovieDBTests.xctest */ = {isa = PBXFileReference; explicitFileType = wrapper.cfbundle; includeInIndex = 0; name = MovieDBTests.xctest; path = "/Users/robertoriquelme/Documents/Developer/getaround/MovieDB/build/Debug-iphoneos/MovieDBTests.xctest"; sourceTree = "<absolute>"; };
		1B4E3D5B2198E7E100C6CEFC /* MovieDBUITests.xctest */ = {isa = PBXFileReference; explicitFileType = wrapper.cfbundle; includeInIndex = 0; name = MovieDBUITests.xctest; path = "/Users/robertoriquelme/Documents/Developer/getaround/MovieDB/build/Debug-iphoneos/MovieDBUITests.xctest"; sourceTree = "<absolute>"; };
		1B4E3D712198F59F00C6CEFC /* Constants.swift */ = {isa = PBXFileReference; lastKnownFileType = sourcecode.swift; path = Constants.swift; sourceTree = "<group>"; };
		1BCBEBDC219A5C1200430EE7 /* Client.swift */ = {isa = PBXFileReference; lastKnownFileType = sourcecode.swift; path = Client.swift; sourceTree = "<group>"; };
		1BCBEBDE219A5C9000430EE7 /* Movie.swift */ = {isa = PBXFileReference; lastKnownFileType = sourcecode.swift; path = Movie.swift; sourceTree = "<group>"; };
		1BCBEBE0219A6DF900430EE7 /* NowPlayingCollectionViewController.swift */ = {isa = PBXFileReference; lastKnownFileType = sourcecode.swift; path = NowPlayingCollectionViewController.swift; sourceTree = "<group>"; };
		1BCBEBE2219A704900430EE7 /* CustomCollectionViewCell.swift */ = {isa = PBXFileReference; lastKnownFileType = sourcecode.swift; path = CustomCollectionViewCell.swift; sourceTree = "<group>"; };
		1BCBEBE4219A846700430EE7 /* DetailViewController.swift */ = {isa = PBXFileReference; lastKnownFileType = sourcecode.swift; path = DetailViewController.swift; sourceTree = "<group>"; };
		294C497166CF80C97E22E616 /* Pods-MovieDB.debug.xcconfig */ = {isa = PBXFileReference; includeInIndex = 1; lastKnownFileType = text.xcconfig; name = "Pods-MovieDB.debug.xcconfig"; path = "Pods/Target Support Files/Pods-MovieDB/Pods-MovieDB.debug.xcconfig"; sourceTree = "<group>"; };
		2DB53546C3F5322788670325 /* Pods_MovieDB.framework */ = {isa = PBXFileReference; explicitFileType = wrapper.framework; includeInIndex = 0; path = Pods_MovieDB.framework; sourceTree = BUILT_PRODUCTS_DIR; };
		4719E091517EAB4D842B9B20 /* Pods-MovieDB.release.xcconfig */ = {isa = PBXFileReference; includeInIndex = 1; lastKnownFileType = text.xcconfig; name = "Pods-MovieDB.release.xcconfig"; path = "Pods/Target Support Files/Pods-MovieDB/Pods-MovieDB.release.xcconfig"; sourceTree = "<group>"; };
/* End PBXFileReference section */

/* Begin PBXFrameworksBuildPhase section */
		1B4E3D392198E7DE00C6CEFC /* Frameworks */ = {
			isa = PBXFrameworksBuildPhase;
			buildActionMask = 2147483647;
			files = (
				DE74448A44C933FC02F9BB1A /* Pods_MovieDB.framework in Frameworks */,
			);
			runOnlyForDeploymentPostprocessing = 0;
		};
		1B4E3D4D2198E7E100C6CEFC /* Frameworks */ = {
			isa = PBXFrameworksBuildPhase;
			buildActionMask = 2147483647;
			files = (
			);
			runOnlyForDeploymentPostprocessing = 0;
		};
		1B4E3D582198E7E100C6CEFC /* Frameworks */ = {
			isa = PBXFrameworksBuildPhase;
			buildActionMask = 2147483647;
			files = (
			);
			runOnlyForDeploymentPostprocessing = 0;
		};
/* End PBXFrameworksBuildPhase section */

/* Begin PBXGroup section */
		1B4E3D332198E7DD00C6CEFC = {
			isa = PBXGroup;
			children = (
				1B4E3D3E2198E7DE00C6CEFC /* MovieDB */,
				FF649F5816B140AEC36CCF4D /* Pods */,
				B0049B96790B43E224C0502E /* Frameworks */,
			);
			sourceTree = "<group>";
		};
		1B4E3D3E2198E7DE00C6CEFC /* MovieDB */ = {
			isa = PBXGroup;
			children = (
				1BCBEBE6219B5B8900430EE7 /* Network */,
				1B4E3D6E2198F57900C6CEFC /* Model */,
				1B4E3D6D2198F56E00C6CEFC /* Controller */,
				1B4E3D7421990C9900C6CEFC /* View */,
				1B4E3D7521990CA200C6CEFC /* Resources */,
				1B4E3D7621990CA800C6CEFC /* Supporting */,
			);
			path = MovieDB;
			sourceTree = "<group>";
		};
		1B4E3D6D2198F56E00C6CEFC /* Controller */ = {
			isa = PBXGroup;
			children = (
				1BCBEBE0219A6DF900430EE7 /* NowPlayingCollectionViewController.swift */,
				1BCBEBE4219A846700430EE7 /* DetailViewController.swift */,
				1BCBEBE2219A704900430EE7 /* CustomCollectionViewCell.swift */,
			);
			path = Controller;
			sourceTree = "<group>";
		};
		1B4E3D6E2198F57900C6CEFC /* Model */ = {
			isa = PBXGroup;
			children = (
				1B4E3D712198F59F00C6CEFC /* Constants.swift */,
				1BCBEBDE219A5C9000430EE7 /* Movie.swift */,
			);
			path = Model;
			sourceTree = "<group>";
		};
		1B4E3D7421990C9900C6CEFC /* View */ = {
			isa = PBXGroup;
			children = (
				1B4E3D432198E7DE00C6CEFC /* Main.storyboard */,
				1B4E3D482198E7E100C6CEFC /* LaunchScreen.storyboard */,
			);
			path = View;
			sourceTree = "<group>";
		};
		1B4E3D7521990CA200C6CEFC /* Resources */ = {
			isa = PBXGroup;
			children = (
				1B4E3D462198E7E100C6CEFC /* Assets.xcassets */,
			);
			path = Resources;
			sourceTree = "<group>";
		};
		1B4E3D7621990CA800C6CEFC /* Supporting */ = {
			isa = PBXGroup;
			children = (
				1B4E3D4B2198E7E100C6CEFC /* Info.plist */,
				1B4E3D3F2198E7DE00C6CEFC /* AppDelegate.swift */,
			);
			path = Supporting;
			sourceTree = "<group>";
		};
		1BCBEBE6219B5B8900430EE7 /* Network */ = {
			isa = PBXGroup;
			children = (
				1BCBEBDC219A5C1200430EE7 /* Client.swift */,
			);
			path = Network;
			sourceTree = "<group>";
		};
		B0049B96790B43E224C0502E /* Frameworks */ = {
			isa = PBXGroup;
			children = (
				2DB53546C3F5322788670325 /* Pods_MovieDB.framework */,
			);
			name = Frameworks;
			sourceTree = "<group>";
		};
		FF649F5816B140AEC36CCF4D /* Pods */ = {
			isa = PBXGroup;
			children = (
				294C497166CF80C97E22E616 /* Pods-MovieDB.debug.xcconfig */,
				4719E091517EAB4D842B9B20 /* Pods-MovieDB.release.xcconfig */,
			);
			name = Pods;
			sourceTree = "<group>";
		};
/* End PBXGroup section */

/* Begin PBXNativeTarget section */
		1B4E3D3B2198E7DE00C6CEFC /* MovieDB */ = {
			isa = PBXNativeTarget;
			buildConfigurationList = 1B4E3D642198E7E100C6CEFC /* Build configuration list for PBXNativeTarget "MovieDB" */;
			buildPhases = (
				2B184EFD8F79304142CF5032 /* [CP] Check Pods Manifest.lock */,
				1B4E3D382198E7DE00C6CEFC /* Sources */,
				1B4E3D392198E7DE00C6CEFC /* Frameworks */,
				1B4E3D3A2198E7DE00C6CEFC /* Resources */,
				CE04A30BB4365102F97F8806 /* [CP] Embed Pods Frameworks */,
			);
			buildRules = (
			);
			dependencies = (
			);
			name = MovieDB;
			productName = MovieDB;
			productReference = 1B4E3D3C2198E7DE00C6CEFC /* MovieDB.app */;
			productType = "com.apple.product-type.application";
		};
		1B4E3D4F2198E7E100C6CEFC /* MovieDBTests */ = {
			isa = PBXNativeTarget;
			buildConfigurationList = 1B4E3D672198E7E100C6CEFC /* Build configuration list for PBXNativeTarget "MovieDBTests" */;
			buildPhases = (
				1B4E3D4C2198E7E100C6CEFC /* Sources */,
				1B4E3D4D2198E7E100C6CEFC /* Frameworks */,
				1B4E3D4E2198E7E100C6CEFC /* Resources */,
			);
			buildRules = (
			);
			dependencies = (
				1B4E3D522198E7E100C6CEFC /* PBXTargetDependency */,
			);
			name = MovieDBTests;
			productName = MovieDBTests;
			productReference = 1B4E3D502198E7E100C6CEFC /* MovieDBTests.xctest */;
			productType = "com.apple.product-type.bundle.unit-test";
		};
		1B4E3D5A2198E7E100C6CEFC /* MovieDBUITests */ = {
			isa = PBXNativeTarget;
			buildConfigurationList = 1B4E3D6A2198E7E100C6CEFC /* Build configuration list for PBXNativeTarget "MovieDBUITests" */;
			buildPhases = (
				1B4E3D572198E7E100C6CEFC /* Sources */,
				1B4E3D582198E7E100C6CEFC /* Frameworks */,
				1B4E3D592198E7E100C6CEFC /* Resources */,
			);
			buildRules = (
			);
			dependencies = (
				1B4E3D5D2198E7E100C6CEFC /* PBXTargetDependency */,
			);
			name = MovieDBUITests;
			productName = MovieDBUITests;
			productReference = 1B4E3D5B2198E7E100C6CEFC /* MovieDBUITests.xctest */;
			productType = "com.apple.product-type.bundle.ui-testing";
		};
/* End PBXNativeTarget section */

/* Begin PBXProject section */
		1B4E3D342198E7DD00C6CEFC /* Project object */ = {
			isa = PBXProject;
			attributes = {
				LastSwiftUpdateCheck = 1010;
				LastUpgradeCheck = 1010;
				ORGANIZATIONNAME = "Roberto Riquelme";
				TargetAttributes = {
					1B4E3D3B2198E7DE00C6CEFC = {
						CreatedOnToolsVersion = 10.1;
					};
					1B4E3D4F2198E7E100C6CEFC = {
						CreatedOnToolsVersion = 10.1;
						TestTargetID = 1B4E3D3B2198E7DE00C6CEFC;
					};
					1B4E3D5A2198E7E100C6CEFC = {
						CreatedOnToolsVersion = 10.1;
						TestTargetID = 1B4E3D3B2198E7DE00C6CEFC;
					};
				};
			};
			buildConfigurationList = 1B4E3D372198E7DD00C6CEFC /* Build configuration list for PBXProject "MovieDB" */;
			compatibilityVersion = "Xcode 9.3";
			developmentRegion = en;
			hasScannedForEncodings = 0;
			knownRegions = (
				en,
				Base,
			);
			mainGroup = 1B4E3D332198E7DD00C6CEFC;
			productRefGroup = 1B4E3D332198E7DD00C6CEFC;
			projectDirPath = "";
			projectRoot = "";
			targets = (
				1B4E3D3B2198E7DE00C6CEFC /* MovieDB */,
				1B4E3D4F2198E7E100C6CEFC /* MovieDBTests */,
				1B4E3D5A2198E7E100C6CEFC /* MovieDBUITests */,
			);
		};
/* End PBXProject section */

/* Begin PBXResourcesBuildPhase section */
		1B4E3D3A2198E7DE00C6CEFC /* Resources */ = {
			isa = PBXResourcesBuildPhase;
			buildActionMask = 2147483647;
			files = (
				1B4E3D4A2198E7E100C6CEFC /* LaunchScreen.storyboard in Resources */,
				1B4E3D472198E7E100C6CEFC /* Assets.xcassets in Resources */,
				1B4E3D452198E7DE00C6CEFC /* Main.storyboard in Resources */,
			);
			runOnlyForDeploymentPostprocessing = 0;
		};
		1B4E3D4E2198E7E100C6CEFC /* Resources */ = {
			isa = PBXResourcesBuildPhase;
			buildActionMask = 2147483647;
			files = (
			);
			runOnlyForDeploymentPostprocessing = 0;
		};
		1B4E3D592198E7E100C6CEFC /* Resources */ = {
			isa = PBXResourcesBuildPhase;
			buildActionMask = 2147483647;
			files = (
			);
			runOnlyForDeploymentPostprocessing = 0;
		};
/* End PBXResourcesBuildPhase section */

/* Begin PBXShellScriptBuildPhase section */
		2B184EFD8F79304142CF5032 /* [CP] Check Pods Manifest.lock */ = {
			isa = PBXShellScriptBuildPhase;
			buildActionMask = 2147483647;
			files = (
			);
			inputFileListPaths = (
			);
			inputPaths = (
				"${PODS_PODFILE_DIR_PATH}/Podfile.lock",
				"${PODS_ROOT}/Manifest.lock",
			);
			name = "[CP] Check Pods Manifest.lock";
			outputFileListPaths = (
			);
			outputPaths = (
				"$(DERIVED_FILE_DIR)/Pods-MovieDB-checkManifestLockResult.txt",
			);
			runOnlyForDeploymentPostprocessing = 0;
			shellPath = /bin/sh;
			shellScript = "diff \"${PODS_PODFILE_DIR_PATH}/Podfile.lock\" \"${PODS_ROOT}/Manifest.lock\" > /dev/null\nif [ $? != 0 ] ; then\n    # print error to STDERR\n    echo \"error: The sandbox is not in sync with the Podfile.lock. Run 'pod install' or update your CocoaPods installation.\" >&2\n    exit 1\nfi\n# This output is used by Xcode 'outputs' to avoid re-running this script phase.\necho \"SUCCESS\" > \"${SCRIPT_OUTPUT_FILE_0}\"\n";
			showEnvVarsInLog = 0;
		};
		CE04A30BB4365102F97F8806 /* [CP] Embed Pods Frameworks */ = {
			isa = PBXShellScriptBuildPhase;
			buildActionMask = 2147483647;
			files = (
			);
			inputFileListPaths = (
			);
			inputPaths = (
				"${SRCROOT}/Pods/Target Support Files/Pods-MovieDB/Pods-MovieDB-frameworks.sh",
				"${BUILT_PRODUCTS_DIR}/Alamofire/Alamofire.framework",
				"${BUILT_PRODUCTS_DIR}/AlamofireImage/AlamofireImage.framework",
			);
			name = "[CP] Embed Pods Frameworks";
			outputFileListPaths = (
			);
			outputPaths = (
				"${TARGET_BUILD_DIR}/${FRAMEWORKS_FOLDER_PATH}/Alamofire.framework",
				"${TARGET_BUILD_DIR}/${FRAMEWORKS_FOLDER_PATH}/AlamofireImage.framework",
			);
			runOnlyForDeploymentPostprocessing = 0;
			shellPath = /bin/sh;
			shellScript = "\"${SRCROOT}/Pods/Target Support Files/Pods-MovieDB/Pods-MovieDB-frameworks.sh\"\n";
			showEnvVarsInLog = 0;
		};
/* End PBXShellScriptBuildPhase section */

/* Begin PBXSourcesBuildPhase section */
		1B4E3D382198E7DE00C6CEFC /* Sources */ = {
			isa = PBXSourcesBuildPhase;
			buildActionMask = 2147483647;
			files = (
				1BCBEBE1219A6DF900430EE7 /* NowPlayingCollectionViewController.swift in Sources */,
				1BCBEBE3219A704900430EE7 /* CustomCollectionViewCell.swift in Sources */,
				1B4E3D402198E7DE00C6CEFC /* AppDelegate.swift in Sources */,
				1BCBEBDF219A5C9000430EE7 /* Movie.swift in Sources */,
				1B4E3D722198F59F00C6CEFC /* Constants.swift in Sources */,
				1BCBEBDD219A5C1200430EE7 /* Client.swift in Sources */,
				1BCBEBE5219A846700430EE7 /* DetailViewController.swift in Sources */,
			);
			runOnlyForDeploymentPostprocessing = 0;
		};
		1B4E3D4C2198E7E100C6CEFC /* Sources */ = {
			isa = PBXSourcesBuildPhase;
			buildActionMask = 2147483647;
			files = (
			);
			runOnlyForDeploymentPostprocessing = 0;
		};
		1B4E3D572198E7E100C6CEFC /* Sources */ = {
			isa = PBXSourcesBuildPhase;
			buildActionMask = 2147483647;
			files = (
			);
			runOnlyForDeploymentPostprocessing = 0;
		};
/* End PBXSourcesBuildPhase section */

/* Begin PBXTargetDependency section */
		1B4E3D522198E7E100C6CEFC /* PBXTargetDependency */ = {
			isa = PBXTargetDependency;
			target = 1B4E3D3B2198E7DE00C6CEFC /* MovieDB */;
			targetProxy = 1B4E3D512198E7E100C6CEFC /* PBXContainerItemProxy */;
		};
		1B4E3D5D2198E7E100C6CEFC /* PBXTargetDependency */ = {
			isa = PBXTargetDependency;
			target = 1B4E3D3B2198E7DE00C6CEFC /* MovieDB */;
			targetProxy = 1B4E3D5C2198E7E100C6CEFC /* PBXContainerItemProxy */;
		};
/* End PBXTargetDependency section */

/* Begin PBXVariantGroup section */
		1B4E3D432198E7DE00C6CEFC /* Main.storyboard */ = {
			isa = PBXVariantGroup;
			children = (
				1B4E3D442198E7DE00C6CEFC /* Base */,
			);
			name = Main.storyboard;
			sourceTree = "<group>";
		};
		1B4E3D482198E7E100C6CEFC /* LaunchScreen.storyboard */ = {
			isa = PBXVariantGroup;
			children = (
				1B4E3D492198E7E100C6CEFC /* Base */,
			);
			name = LaunchScreen.storyboard;
			sourceTree = "<group>";
		};
/* End PBXVariantGroup section */

/* Begin XCBuildConfiguration section */
		1B4E3D622198E7E100C6CEFC /* Debug */ = {
			isa = XCBuildConfiguration;
			buildSettings = {
				ALWAYS_SEARCH_USER_PATHS = NO;
				CLANG_ANALYZER_NONNULL = YES;
				CLANG_ANALYZER_NUMBER_OBJECT_CONVERSION = YES_AGGRESSIVE;
				CLANG_CXX_LANGUAGE_STANDARD = "gnu++14";
				CLANG_CXX_LIBRARY = "libc++";
				CLANG_ENABLE_MODULES = YES;
				CLANG_ENABLE_OBJC_ARC = YES;
				CLANG_ENABLE_OBJC_WEAK = YES;
				CLANG_WARN_BLOCK_CAPTURE_AUTORELEASING = YES;
				CLANG_WARN_BOOL_CONVERSION = YES;
				CLANG_WARN_COMMA = YES;
				CLANG_WARN_CONSTANT_CONVERSION = YES;
				CLANG_WARN_DEPRECATED_OBJC_IMPLEMENTATIONS = YES;
				CLANG_WARN_DIRECT_OBJC_ISA_USAGE = YES_ERROR;
				CLANG_WARN_DOCUMENTATION_COMMENTS = YES;
				CLANG_WARN_EMPTY_BODY = YES;
				CLANG_WARN_ENUM_CONVERSION = YES;
				CLANG_WARN_INFINITE_RECURSION = YES;
				CLANG_WARN_INT_CONVERSION = YES;
				CLANG_WARN_NON_LITERAL_NULL_CONVERSION = YES;
				CLANG_WARN_OBJC_IMPLICIT_RETAIN_SELF = YES;
				CLANG_WARN_OBJC_LITERAL_CONVERSION = YES;
				CLANG_WARN_OBJC_ROOT_CLASS = YES_ERROR;
				CLANG_WARN_RANGE_LOOP_ANALYSIS = YES;
				CLANG_WARN_STRICT_PROTOTYPES = YES;
				CLANG_WARN_SUSPICIOUS_MOVE = YES;
				CLANG_WARN_UNGUARDED_AVAILABILITY = YES_AGGRESSIVE;
				CLANG_WARN_UNREACHABLE_CODE = YES;
				CLANG_WARN__DUPLICATE_METHOD_MATCH = YES;
				CODE_SIGN_IDENTITY = "iPhone Developer";
				COPY_PHASE_STRIP = NO;
				DEBUG_INFORMATION_FORMAT = dwarf;
				ENABLE_STRICT_OBJC_MSGSEND = YES;
				ENABLE_TESTABILITY = YES;
				GCC_C_LANGUAGE_STANDARD = gnu11;
				GCC_DYNAMIC_NO_PIC = NO;
				GCC_NO_COMMON_BLOCKS = YES;
				GCC_OPTIMIZATION_LEVEL = 0;
				GCC_PREPROCESSOR_DEFINITIONS = (
					"DEBUG=1",
					"$(inherited)",
				);
				GCC_WARN_64_TO_32_BIT_CONVERSION = YES;
				GCC_WARN_ABOUT_RETURN_TYPE = YES_ERROR;
				GCC_WARN_UNDECLARED_SELECTOR = YES;
				GCC_WARN_UNINITIALIZED_AUTOS = YES_AGGRESSIVE;
				GCC_WARN_UNUSED_FUNCTION = YES;
				GCC_WARN_UNUSED_VARIABLE = YES;
				INFOPLIST_FILE = "";
				IPHONEOS_DEPLOYMENT_TARGET = 12.1;
				MTL_ENABLE_DEBUG_INFO = INCLUDE_SOURCE;
				MTL_FAST_MATH = YES;
				ONLY_ACTIVE_ARCH = YES;
				SDKROOT = iphoneos;
				SWIFT_ACTIVE_COMPILATION_CONDITIONS = DEBUG;
				SWIFT_OPTIMIZATION_LEVEL = "-Onone";
			};
			name = Debug;
		};
		1B4E3D632198E7E100C6CEFC /* Release */ = {
			isa = XCBuildConfiguration;
			buildSettings = {
				ALWAYS_SEARCH_USER_PATHS = NO;
				CLANG_ANALYZER_NONNULL = YES;
				CLANG_ANALYZER_NUMBER_OBJECT_CONVERSION = YES_AGGRESSIVE;
				CLANG_CXX_LANGUAGE_STANDARD = "gnu++14";
				CLANG_CXX_LIBRARY = "libc++";
				CLANG_ENABLE_MODULES = YES;
				CLANG_ENABLE_OBJC_ARC = YES;
				CLANG_ENABLE_OBJC_WEAK = YES;
				CLANG_WARN_BLOCK_CAPTURE_AUTORELEASING = YES;
				CLANG_WARN_BOOL_CONVERSION = YES;
				CLANG_WARN_COMMA = YES;
				CLANG_WARN_CONSTANT_CONVERSION = YES;
				CLANG_WARN_DEPRECATED_OBJC_IMPLEMENTATIONS = YES;
				CLANG_WARN_DIRECT_OBJC_ISA_USAGE = YES_ERROR;
				CLANG_WARN_DOCUMENTATION_COMMENTS = YES;
				CLANG_WARN_EMPTY_BODY = YES;
				CLANG_WARN_ENUM_CONVERSION = YES;
				CLANG_WARN_INFINITE_RECURSION = YES;
				CLANG_WARN_INT_CONVERSION = YES;
				CLANG_WARN_NON_LITERAL_NULL_CONVERSION = YES;
				CLANG_WARN_OBJC_IMPLICIT_RETAIN_SELF = YES;
				CLANG_WARN_OBJC_LITERAL_CONVERSION = YES;
				CLANG_WARN_OBJC_ROOT_CLASS = YES_ERROR;
				CLANG_WARN_RANGE_LOOP_ANALYSIS = YES;
				CLANG_WARN_STRICT_PROTOTYPES = YES;
				CLANG_WARN_SUSPICIOUS_MOVE = YES;
				CLANG_WARN_UNGUARDED_AVAILABILITY = YES_AGGRESSIVE;
				CLANG_WARN_UNREACHABLE_CODE = YES;
				CLANG_WARN__DUPLICATE_METHOD_MATCH = YES;
				CODE_SIGN_IDENTITY = "iPhone Developer";
				COPY_PHASE_STRIP = NO;
				DEBUG_INFORMATION_FORMAT = "dwarf-with-dsym";
				ENABLE_NS_ASSERTIONS = NO;
				ENABLE_STRICT_OBJC_MSGSEND = YES;
				GCC_C_LANGUAGE_STANDARD = gnu11;
				GCC_NO_COMMON_BLOCKS = YES;
				GCC_WARN_64_TO_32_BIT_CONVERSION = YES;
				GCC_WARN_ABOUT_RETURN_TYPE = YES_ERROR;
				GCC_WARN_UNDECLARED_SELECTOR = YES;
				GCC_WARN_UNINITIALIZED_AUTOS = YES_AGGRESSIVE;
				GCC_WARN_UNUSED_FUNCTION = YES;
				GCC_WARN_UNUSED_VARIABLE = YES;
				INFOPLIST_FILE = "";
				IPHONEOS_DEPLOYMENT_TARGET = 12.1;
				MTL_ENABLE_DEBUG_INFO = NO;
				MTL_FAST_MATH = YES;
				SDKROOT = iphoneos;
				SWIFT_COMPILATION_MODE = wholemodule;
				SWIFT_OPTIMIZATION_LEVEL = "-O";
				VALIDATE_PRODUCT = YES;
			};
			name = Release;
		};
		1B4E3D652198E7E100C6CEFC /* Debug */ = {
			isa = XCBuildConfiguration;
			baseConfigurationReference = 294C497166CF80C97E22E616 /* Pods-MovieDB.debug.xcconfig */;
			buildSettings = {
				ASSETCATALOG_COMPILER_APPICON_NAME = AppIcon;
				CODE_SIGN_STYLE = Automatic;
				DEVELOPMENT_TEAM = PE96DV38QA;
				INFOPLIST_FILE = "$(SRCROOT)/MovieDB/Supporting/Info.plist";
				LD_RUNPATH_SEARCH_PATHS = (
					"$(inherited)",
					"@executable_path/Frameworks",
				);
				PRODUCT_BUNDLE_IDENTIFIER = org.riquelme.roberto.MovieDB;
				PRODUCT_NAME = "$(TARGET_NAME)";
				SWIFT_VERSION = 4.2;
				TARGETED_DEVICE_FAMILY = "1,2";
			};
			name = Debug;
		};
		1B4E3D662198E7E100C6CEFC /* Release */ = {
			isa = XCBuildConfiguration;
			baseConfigurationReference = 4719E091517EAB4D842B9B20 /* Pods-MovieDB.release.xcconfig */;
			buildSettings = {
				ASSETCATALOG_COMPILER_APPICON_NAME = AppIcon;
				CODE_SIGN_STYLE = Automatic;
				DEVELOPMENT_TEAM = PE96DV38QA;
				INFOPLIST_FILE = "$(SRCROOT)/MovieDB/Supporting/Info.plist";
				LD_RUNPATH_SEARCH_PATHS = (
					"$(inherited)",
					"@executable_path/Frameworks",
				);
				PRODUCT_BUNDLE_IDENTIFIER = org.riquelme.roberto.MovieDB;
				PRODUCT_NAME = "$(TARGET_NAME)";
				SWIFT_VERSION = 4.2;
				TARGETED_DEVICE_FAMILY = "1,2";
			};
			name = Release;
		};
		1B4E3D682198E7E100C6CEFC /* Debug */ = {
			isa = XCBuildConfiguration;
			buildSettings = {
				ALWAYS_EMBED_SWIFT_STANDARD_LIBRARIES = YES;
				BUNDLE_LOADER = "$(TEST_HOST)";
				CODE_SIGN_STYLE = Automatic;
				DEVELOPMENT_TEAM = PE96DV38QA;
				INFOPLIST_FILE = MovieDBTests/Info.plist;
				LD_RUNPATH_SEARCH_PATHS = (
					"$(inherited)",
					"@executable_path/Frameworks",
					"@loader_path/Frameworks",
				);
				PRODUCT_BUNDLE_IDENTIFIER = org.riquelme.roberto.MovieDBTests;
				PRODUCT_NAME = "$(TARGET_NAME)";
				SWIFT_VERSION = 4.2;
				TARGETED_DEVICE_FAMILY = "1,2";
				TEST_HOST = "$(BUILT_PRODUCTS_DIR)/MovieDB.app/MovieDB";
			};
			name = Debug;
		};
		1B4E3D692198E7E100C6CEFC /* Release */ = {
			isa = XCBuildConfiguration;
			buildSettings = {
				ALWAYS_EMBED_SWIFT_STANDARD_LIBRARIES = YES;
				BUNDLE_LOADER = "$(TEST_HOST)";
				CODE_SIGN_STYLE = Automatic;
				DEVELOPMENT_TEAM = PE96DV38QA;
				INFOPLIST_FILE = MovieDBTests/Info.plist;
				LD_RUNPATH_SEARCH_PATHS = (
					"$(inherited)",
					"@executable_path/Frameworks",
					"@loader_path/Frameworks",
				);
				PRODUCT_BUNDLE_IDENTIFIER = org.riquelme.roberto.MovieDBTests;
				PRODUCT_NAME = "$(TARGET_NAME)";
				SWIFT_VERSION = 4.2;
				TARGETED_DEVICE_FAMILY = "1,2";
				TEST_HOST = "$(BUILT_PRODUCTS_DIR)/MovieDB.app/MovieDB";
			};
			name = Release;
		};
		1B4E3D6B2198E7E100C6CEFC /* Debug */ = {
			isa = XCBuildConfiguration;
			buildSettings = {
				ALWAYS_EMBED_SWIFT_STANDARD_LIBRARIES = YES;
				CODE_SIGN_STYLE = Automatic;
				DEVELOPMENT_TEAM = PE96DV38QA;
				INFOPLIST_FILE = MovieDBUITests/Info.plist;
				LD_RUNPATH_SEARCH_PATHS = (
					"$(inherited)",
					"@executable_path/Frameworks",
					"@loader_path/Frameworks",
				);
				PRODUCT_BUNDLE_IDENTIFIER = org.riquelme.roberto.MovieDBUITests;
				PRODUCT_NAME = "$(TARGET_NAME)";
				SWIFT_VERSION = 4.2;
				TARGETED_DEVICE_FAMILY = "1,2";
				TEST_TARGET_NAME = MovieDB;
			};
			name = Debug;
		};
		1B4E3D6C2198E7E100C6CEFC /* Release */ = {
			isa = XCBuildConfiguration;
			buildSettings = {
				ALWAYS_EMBED_SWIFT_STANDARD_LIBRARIES = YES;
				CODE_SIGN_STYLE = Automatic;
				DEVELOPMENT_TEAM = PE96DV38QA;
				INFOPLIST_FILE = MovieDBUITests/Info.plist;
				LD_RUNPATH_SEARCH_PATHS = (
					"$(inherited)",
					"@executable_path/Frameworks",
					"@loader_path/Frameworks",
				);
				PRODUCT_BUNDLE_IDENTIFIER = org.riquelme.roberto.MovieDBUITests;
				PRODUCT_NAME = "$(TARGET_NAME)";
				SWIFT_VERSION = 4.2;
				TARGETED_DEVICE_FAMILY = "1,2";
				TEST_TARGET_NAME = MovieDB;
			};
			name = Release;
		};
/* End XCBuildConfiguration section */

/* Begin XCConfigurationList section */
		1B4E3D372198E7DD00C6CEFC /* Build configuration list for PBXProject "MovieDB" */ = {
			isa = XCConfigurationList;
			buildConfigurations = (
				1B4E3D622198E7E100C6CEFC /* Debug */,
				1B4E3D632198E7E100C6CEFC /* Release */,
			);
			defaultConfigurationIsVisible = 0;
			defaultConfigurationName = Release;
		};
		1B4E3D642198E7E100C6CEFC /* Build configuration list for PBXNativeTarget "MovieDB" */ = {
			isa = XCConfigurationList;
			buildConfigurations = (
				1B4E3D652198E7E100C6CEFC /* Debug */,
				1B4E3D662198E7E100C6CEFC /* Release */,
			);
			defaultConfigurationIsVisible = 0;
			defaultConfigurationName = Release;
		};
		1B4E3D672198E7E100C6CEFC /* Build configuration list for PBXNativeTarget "MovieDBTests" */ = {
			isa = XCConfigurationList;
			buildConfigurations = (
				1B4E3D682198E7E100C6CEFC /* Debug */,
				1B4E3D692198E7E100C6CEFC /* Release */,
			);
			defaultConfigurationIsVisible = 0;
			defaultConfigurationName = Release;
		};
		1B4E3D6A2198E7E100C6CEFC /* Build configuration list for PBXNativeTarget "MovieDBUITests" */ = {
			isa = XCConfigurationList;
			buildConfigurations = (
				1B4E3D6B2198E7E100C6CEFC /* Debug */,
				1B4E3D6C2198E7E100C6CEFC /* Release */,
			);
			defaultConfigurationIsVisible = 0;
			defaultConfigurationName = Release;
		};
/* End XCConfigurationList section */
	};
	rootObject = 1B4E3D342198E7DD00C6CEFC /* Project object */;
}
